
Microsoft Visual Studio Solution File, Format Version 12.00
# Visual Studio Version 17
VisualStudioVersion = 17.14.36414.22 d17.14
MinimumVisualStudioVersion = 10.0.40219.1
Project("{8BC9CEB8-8B4A-11D0-8D11-00A0C91BC942}") = "ejercicio3", "ejercicio3.vcxproj", "{FA467A56-1357-408D-AE5A-BE8E26C86F78}"
EndProject
Global
	GlobalSection(SolutionConfigurationPlatforms) = preSolution
		Debug|x64 = Debug|x64
		Debug|x86 = Debug|x86
		Release|x64 = Release|x64
		Release|x86 = Release|x86
	EndGlobalSection
	GlobalSection(ProjectConfigurationPlatforms) = postSolution
		{FA467A56-1357-408D-AE5A-BE8E26C86F78}.Debug|x64.ActiveCfg = Debug|x64
		{FA467A56-1357-408D-AE5A-BE8E26C86F78}.Debug|x64.Build.0 = Debug|x64
		{FA467A56-1357-408D-AE5A-BE8E26C86F78}.Debug|x86.ActiveCfg = Debug|Win32
		{FA467A56-1357-408D-AE5A-BE8E26C86F78}.Debug|x86.Build.0 = Debug|Win32
		{FA467A56-1357-408D-AE5A-BE8E26C86F78}.Release|x64.ActiveCfg = Release|x64
		{FA467A56-1357-408D-AE5A-BE8E26C86F78}.Release|x64.Build.0 = Release|x64
		{FA467A56-1357-408D-AE5A-BE8E26C86F78}.Release|x86.ActiveCfg = Release|Win32
		{FA467A56-1357-408D-AE5A-BE8E26C86F78}.Release|x86.Build.0 = Release|Win32
	EndGlobalSection
	GlobalSection(SolutionProperties) = preSolution
		HideSolutionNode = FALSE
	EndGlobalSection
	GlobalSection(ExtensibilityGlobals) = postSolution
		SolutionGuid = {4EB899D8-9148-41E8-8CA5-D507D9D02EE8}
	EndGlobalSection
EndGlobal
